// !$*UTF8*$!
{
	archiveVersion = 1;
	classes = {
	};
	objectVersion = 46;
	objects = {

/* Begin PBXAggregateTarget section */
		B11DDA201C72925C00BDE182 /* Build framework */ = {
			isa = PBXAggregateTarget;
			buildConfigurationList = B11DDA211C72925C00BDE182 /* Build configuration list for PBXAggregateTarget "Build framework" */;
			buildPhases = (
				B11DDA241C72930200BDE182 /* LIPO Script */,
			);
			dependencies = (
			);
			name = "Build framework";
			productName = "Build framework";
		};
/* End PBXAggregateTarget section */

/* Begin PBXBuildFile section */
		B11DD9F11C6BE46100BDE182 /* GAWrapper.h in Headers */ = {isa = PBXBuildFile; fileRef = B11DD9F01C6BE46100BDE182 /* GAWrapper.h */; settings = {ATTRIBUTES = (Public, ); }; };
		B11DDA0A1C6BEFBB00BDE182 /* GAI.h in Headers */ = {isa = PBXBuildFile; fileRef = B11DD9FF1C6BEFBB00BDE182 /* GAI.h */; settings = {ATTRIBUTES = (Public, ); }; };
		B11DDA0B1C6BEFBB00BDE182 /* GAIDictionaryBuilder.h in Headers */ = {isa = PBXBuildFile; fileRef = B11DDA001C6BEFBB00BDE182 /* GAIDictionaryBuilder.h */; settings = {ATTRIBUTES = (Public, ); }; };
		B11DDA0C1C6BEFBB00BDE182 /* GAIEcommerceFields.h in Headers */ = {isa = PBXBuildFile; fileRef = B11DDA011C6BEFBB00BDE182 /* GAIEcommerceFields.h */; settings = {ATTRIBUTES = (Public, ); }; };
		B11DDA0D1C6BEFBB00BDE182 /* GAIEcommerceProduct.h in Headers */ = {isa = PBXBuildFile; fileRef = B11DDA021C6BEFBB00BDE182 /* GAIEcommerceProduct.h */; settings = {ATTRIBUTES = (Public, ); }; };
		B11DDA0E1C6BEFBB00BDE182 /* GAIEcommerceProductAction.h in Headers */ = {isa = PBXBuildFile; fileRef = B11DDA031C6BEFBB00BDE182 /* GAIEcommerceProductAction.h */; settings = {ATTRIBUTES = (Public, ); }; };
		B11DDA0F1C6BEFBB00BDE182 /* GAIEcommercePromotion.h in Headers */ = {isa = PBXBuildFile; fileRef = B11DDA041C6BEFBB00BDE182 /* GAIEcommercePromotion.h */; settings = {ATTRIBUTES = (Public, ); }; };
		B11DDA101C6BEFBB00BDE182 /* GAIFields.h in Headers */ = {isa = PBXBuildFile; fileRef = B11DDA051C6BEFBB00BDE182 /* GAIFields.h */; settings = {ATTRIBUTES = (Public, ); }; };
		B11DDA111C6BEFBB00BDE182 /* GAILogger.h in Headers */ = {isa = PBXBuildFile; fileRef = B11DDA061C6BEFBB00BDE182 /* GAILogger.h */; settings = {ATTRIBUTES = (Public, ); }; };
		B11DDA121C6BEFBB00BDE182 /* GAITrackedViewController.h in Headers */ = {isa = PBXBuildFile; fileRef = B11DDA071C6BEFBB00BDE182 /* GAITrackedViewController.h */; settings = {ATTRIBUTES = (Public, ); }; };
		B11DDA131C6BEFBB00BDE182 /* GAITracker.h in Headers */ = {isa = PBXBuildFile; fileRef = B11DDA081C6BEFBB00BDE182 /* GAITracker.h */; settings = {ATTRIBUTES = (Public, ); }; };
		B11DDA141C6BEFBB00BDE182 /* libGoogleAnalyticsServices.a in Frameworks */ = {isa = PBXBuildFile; fileRef = B11DDA091C6BEFBB00BDE182 /* libGoogleAnalyticsServices.a */; };
		B11DDA161C6BF02200BDE182 /* CoreData.framework in Frameworks */ = {isa = PBXBuildFile; fileRef = B11DDA151C6BF02200BDE182 /* CoreData.framework */; };
		B11DDA181C6BF02900BDE182 /* SystemConfiguration.framework in Frameworks */ = {isa = PBXBuildFile; fileRef = B11DDA171C6BF02900BDE182 /* SystemConfiguration.framework */; };
		B11DDA1A1C6BF02F00BDE182 /* libz.1.tbd in Frameworks */ = {isa = PBXBuildFile; fileRef = B11DDA191C6BF02F00BDE182 /* libz.1.tbd */; };
		B11DDA1C1C6BF03500BDE182 /* libsqlite3.tbd in Frameworks */ = {isa = PBXBuildFile; fileRef = B11DDA1B1C6BF03500BDE182 /* libsqlite3.tbd */; };
		B11DDA1F1C6BF06400BDE182 /* GAWrapper.m in Sources */ = {isa = PBXBuildFile; fileRef = B11DDA1E1C6BF06400BDE182 /* GAWrapper.m */; };
/* End PBXBuildFile section */

/* Begin PBXFileReference section */
		B11DD9ED1C6BE46100BDE182 /* GAWrapper.framework */ = {isa = PBXFileReference; explicitFileType = wrapper.framework; includeInIndex = 0; path = GAWrapper.framework; sourceTree = BUILT_PRODUCTS_DIR; };
		B11DD9F01C6BE46100BDE182 /* GAWrapper.h */ = {isa = PBXFileReference; lastKnownFileType = sourcecode.c.h; path = GAWrapper.h; sourceTree = "<group>"; };
		B11DD9F21C6BE46100BDE182 /* Info.plist */ = {isa = PBXFileReference; lastKnownFileType = text.plist.xml; path = Info.plist; sourceTree = "<group>"; };
		B11DD9FF1C6BEFBB00BDE182 /* GAI.h */ = {isa = PBXFileReference; fileEncoding = 4; lastKnownFileType = sourcecode.c.h; path = GAI.h; sourceTree = "<group>"; };
		B11DDA001C6BEFBB00BDE182 /* GAIDictionaryBuilder.h */ = {isa = PBXFileReference; fileEncoding = 4; lastKnownFileType = sourcecode.c.h; path = GAIDictionaryBuilder.h; sourceTree = "<group>"; };
		B11DDA011C6BEFBB00BDE182 /* GAIEcommerceFields.h */ = {isa = PBXFileReference; fileEncoding = 4; lastKnownFileType = sourcecode.c.h; path = GAIEcommerceFields.h; sourceTree = "<group>"; };
		B11DDA021C6BEFBB00BDE182 /* GAIEcommerceProduct.h */ = {isa = PBXFileReference; fileEncoding = 4; lastKnownFileType = sourcecode.c.h; path = GAIEcommerceProduct.h; sourceTree = "<group>"; };
		B11DDA031C6BEFBB00BDE182 /* GAIEcommerceProductAction.h */ = {isa = PBXFileReference; fileEncoding = 4; lastKnownFileType = sourcecode.c.h; path = GAIEcommerceProductAction.h; sourceTree = "<group>"; };
		B11DDA041C6BEFBB00BDE182 /* GAIEcommercePromotion.h */ = {isa = PBXFileReference; fileEncoding = 4; lastKnownFileType = sourcecode.c.h; path = GAIEcommercePromotion.h; sourceTree = "<group>"; };
		B11DDA051C6BEFBB00BDE182 /* GAIFields.h */ = {isa = PBXFileReference; fileEncoding = 4; lastKnownFileType = sourcecode.c.h; path = GAIFields.h; sourceTree = "<group>"; };
		B11DDA061C6BEFBB00BDE182 /* GAILogger.h */ = {isa = PBXFileReference; fileEncoding = 4; lastKnownFileType = sourcecode.c.h; path = GAILogger.h; sourceTree = "<group>"; };
		B11DDA071C6BEFBB00BDE182 /* GAITrackedViewController.h */ = {isa = PBXFileReference; fileEncoding = 4; lastKnownFileType = sourcecode.c.h; path = GAITrackedViewController.h; sourceTree = "<group>"; };
		B11DDA081C6BEFBB00BDE182 /* GAITracker.h */ = {isa = PBXFileReference; fileEncoding = 4; lastKnownFileType = sourcecode.c.h; path = GAITracker.h; sourceTree = "<group>"; };
		B11DDA091C6BEFBB00BDE182 /* libGoogleAnalyticsServices.a */ = {isa = PBXFileReference; lastKnownFileType = archive.ar; path = libGoogleAnalyticsServices.a; sourceTree = "<group>"; };
		B11DDA151C6BF02200BDE182 /* CoreData.framework */ = {isa = PBXFileReference; lastKnownFileType = wrapper.framework; name = CoreData.framework; path = System/Library/Frameworks/CoreData.framework; sourceTree = SDKROOT; };
		B11DDA171C6BF02900BDE182 /* SystemConfiguration.framework */ = {isa = PBXFileReference; lastKnownFileType = wrapper.framework; name = SystemConfiguration.framework; path = System/Library/Frameworks/SystemConfiguration.framework; sourceTree = SDKROOT; };
		B11DDA191C6BF02F00BDE182 /* libz.1.tbd */ = {isa = PBXFileReference; lastKnownFileType = "sourcecode.text-based-dylib-definition"; name = libz.1.tbd; path = usr/lib/libz.1.tbd; sourceTree = SDKROOT; };
		B11DDA1B1C6BF03500BDE182 /* libsqlite3.tbd */ = {isa = PBXFileReference; lastKnownFileType = "sourcecode.text-based-dylib-definition"; name = libsqlite3.tbd; path = usr/lib/libsqlite3.tbd; sourceTree = SDKROOT; };
		B11DDA1E1C6BF06400BDE182 /* GAWrapper.m */ = {isa = PBXFileReference; fileEncoding = 4; lastKnownFileType = sourcecode.c.objc; path = GAWrapper.m; sourceTree = "<group>"; };
/* End PBXFileReference section */

/* Begin PBXFrameworksBuildPhase section */
		B11DD9E91C6BE46100BDE182 /* Frameworks */ = {
			isa = PBXFrameworksBuildPhase;
			buildActionMask = 2147483647;
			files = (
				B11DDA1C1C6BF03500BDE182 /* libsqlite3.tbd in Frameworks */,
				B11DDA1A1C6BF02F00BDE182 /* libz.1.tbd in Frameworks */,
				B11DDA181C6BF02900BDE182 /* SystemConfiguration.framework in Frameworks */,
				B11DDA161C6BF02200BDE182 /* CoreData.framework in Frameworks */,
				B11DDA141C6BEFBB00BDE182 /* libGoogleAnalyticsServices.a in Frameworks */,
			);
			runOnlyForDeploymentPostprocessing = 0;
		};
/* End PBXFrameworksBuildPhase section */

/* Begin PBXGroup section */
		B11DD9E31C6BE46100BDE182 = {
			isa = PBXGroup;
			children = (
				B11DD9EF1C6BE46100BDE182 /* GAWrapper */,
				B11DD9EE1C6BE46100BDE182 /* Products */,
			);
			sourceTree = "<group>";
		};
		B11DD9EE1C6BE46100BDE182 /* Products */ = {
			isa = PBXGroup;
			children = (
				B11DD9ED1C6BE46100BDE182 /* GAWrapper.framework */,
			);
			name = Products;
			sourceTree = "<group>";
		};
		B11DD9EF1C6BE46100BDE182 /* GAWrapper */ = {
			isa = PBXGroup;
			children = (
				B11DDA1D1C6BF03900BDE182 /* Frameworks */,
				B11DD9FD1C6BEFBB00BDE182 /* Libraries */,
				B11DD9F01C6BE46100BDE182 /* GAWrapper.h */,
				B11DDA1E1C6BF06400BDE182 /* GAWrapper.m */,
				B11DD9F21C6BE46100BDE182 /* Info.plist */,
			);
			path = GAWrapper;
			sourceTree = "<group>";
		};
		B11DD9FD1C6BEFBB00BDE182 /* Libraries */ = {
			isa = PBXGroup;
			children = (
				B11DD9FE1C6BEFBB00BDE182 /* headers */,
				B11DDA091C6BEFBB00BDE182 /* libGoogleAnalyticsServices.a */,
			);
			path = Libraries;
			sourceTree = "<group>";
		};
		B11DD9FE1C6BEFBB00BDE182 /* headers */ = {
			isa = PBXGroup;
			children = (
				B11DD9FF1C6BEFBB00BDE182 /* GAI.h */,
				B11DDA001C6BEFBB00BDE182 /* GAIDictionaryBuilder.h */,
				B11DDA011C6BEFBB00BDE182 /* GAIEcommerceFields.h */,
				B11DDA021C6BEFBB00BDE182 /* GAIEcommerceProduct.h */,
				B11DDA031C6BEFBB00BDE182 /* GAIEcommerceProductAction.h */,
				B11DDA041C6BEFBB00BDE182 /* GAIEcommercePromotion.h */,
				B11DDA051C6BEFBB00BDE182 /* GAIFields.h */,
				B11DDA061C6BEFBB00BDE182 /* GAILogger.h */,
				B11DDA071C6BEFBB00BDE182 /* GAITrackedViewController.h */,
				B11DDA081C6BEFBB00BDE182 /* GAITracker.h */,
			);
			path = headers;
			sourceTree = "<group>";
		};
		B11DDA1D1C6BF03900BDE182 /* Frameworks */ = {
			isa = PBXGroup;
			children = (
				B11DDA1B1C6BF03500BDE182 /* libsqlite3.tbd */,
				B11DDA191C6BF02F00BDE182 /* libz.1.tbd */,
				B11DDA171C6BF02900BDE182 /* SystemConfiguration.framework */,
				B11DDA151C6BF02200BDE182 /* CoreData.framework */,
			);
			name = Frameworks;
			sourceTree = "<group>";
		};
/* End PBXGroup section */

/* Begin PBXHeadersBuildPhase section */
		B11DD9EA1C6BE46100BDE182 /* Headers */ = {
			isa = PBXHeadersBuildPhase;
			buildActionMask = 2147483647;
			files = (
				B11DDA0B1C6BEFBB00BDE182 /* GAIDictionaryBuilder.h in Headers */,
				B11DDA101C6BEFBB00BDE182 /* GAIFields.h in Headers */,
				B11DDA0A1C6BEFBB00BDE182 /* GAI.h in Headers */,
				B11DDA0C1C6BEFBB00BDE182 /* GAIEcommerceFields.h in Headers */,
				B11DDA121C6BEFBB00BDE182 /* GAITrackedViewController.h in Headers */,
				B11DDA111C6BEFBB00BDE182 /* GAILogger.h in Headers */,
				B11DDA131C6BEFBB00BDE182 /* GAITracker.h in Headers */,
				B11DDA0D1C6BEFBB00BDE182 /* GAIEcommerceProduct.h in Headers */,
				B11DDA0F1C6BEFBB00BDE182 /* GAIEcommercePromotion.h in Headers */,
				B11DDA0E1C6BEFBB00BDE182 /* GAIEcommerceProductAction.h in Headers */,
				B11DD9F11C6BE46100BDE182 /* GAWrapper.h in Headers */,
			);
			runOnlyForDeploymentPostprocessing = 0;
		};
/* End PBXHeadersBuildPhase section */

/* Begin PBXNativeTarget section */
		B11DD9EC1C6BE46100BDE182 /* GAWrapper */ = {
			isa = PBXNativeTarget;
			buildConfigurationList = B11DD9F51C6BE46100BDE182 /* Build configuration list for PBXNativeTarget "GAWrapper" */;
			buildPhases = (
				B11DD9E81C6BE46100BDE182 /* Sources */,
				B11DD9E91C6BE46100BDE182 /* Frameworks */,
				B11DD9EA1C6BE46100BDE182 /* Headers */,
				B11DD9EB1C6BE46100BDE182 /* Resources */,
			);
			buildRules = (
			);
			dependencies = (
			);
			name = GAWrapper;
			productName = GAWrapper;
			productReference = B11DD9ED1C6BE46100BDE182 /* GAWrapper.framework */;
			productType = "com.apple.product-type.framework";
		};
/* End PBXNativeTarget section */

/* Begin PBXProject section */
		B11DD9E41C6BE46100BDE182 /* Project object */ = {
			isa = PBXProject;
			attributes = {
				LastUpgradeCheck = 0720;
				ORGANIZATIONNAME = "Alejandro Barros Cuetos";
				TargetAttributes = {
					B11DD9EC1C6BE46100BDE182 = {
						CreatedOnToolsVersion = 7.2.1;
					};
					B11DDA201C72925C00BDE182 = {
						CreatedOnToolsVersion = 7.2.1;
					};
				};
			};
			buildConfigurationList = B11DD9E71C6BE46100BDE182 /* Build configuration list for PBXProject "GAWrapper" */;
			compatibilityVersion = "Xcode 3.2";
			developmentRegion = English;
			hasScannedForEncodings = 0;
			knownRegions = (
				en,
			);
			mainGroup = B11DD9E31C6BE46100BDE182;
			productRefGroup = B11DD9EE1C6BE46100BDE182 /* Products */;
			projectDirPath = "";
			projectRoot = "";
			targets = (
				B11DD9EC1C6BE46100BDE182 /* GAWrapper */,
				B11DDA201C72925C00BDE182 /* Build framework */,
			);
		};
/* End PBXProject section */

/* Begin PBXResourcesBuildPhase section */
		B11DD9EB1C6BE46100BDE182 /* Resources */ = {
			isa = PBXResourcesBuildPhase;
			buildActionMask = 2147483647;
			files = (
			);
			runOnlyForDeploymentPostprocessing = 0;
		};
/* End PBXResourcesBuildPhase section */

/* Begin PBXShellScriptBuildPhase section */
		B11DDA241C72930200BDE182 /* LIPO Script */ = {
			isa = PBXShellScriptBuildPhase;
			buildActionMask = 2147483647;
			files = (
			);
			inputPaths = (
			);
			name = "LIPO Script";
			outputPaths = (
			);
			runOnlyForDeploymentPostprocessing = 0;
			shellPath = /bin/sh;
			shellScript = "# Script to create a FAT framework using lipo\n\nset -e\n\nFRAMEWORK_NAME=\"GAWrapper\"\n\nif [ -d \"${SRCROOT}/build\" ]; then\nrm -rf \"${SRCROOT}/build\"\nfi\n\nxcodebuild -target \"${FRAMEWORK_NAME}\" -configuration Release -arch arm64 -arch armv7 -arch armv7s only_active_arch=no defines_module=yes -sdk \"iphoneos\"\nxcodebuild -target \"${FRAMEWORK_NAME}\" -configuration Release -arch x86_64 -arch i386 only_active_arch=no defines_module=yes -sdk \"iphonesimulator\"\n\nif [ -d \"${HOME}/${FRAMEWORK_NAME}.framework\" ]; then\nrm -rf \"${HOME}/${FRAMEWORK_NAME}.framework\"\nfi\n\ncp -r \"${SRCROOT}/build/Release-iphoneos/${FRAMEWORK_NAME}.framework\" \"${HOME}/${FRAMEWORK_NAME}.framework\"\n\nlipo -create -output \"${HOME}/${FRAMEWORK_NAME}.framework/${FRAMEWORK_NAME}\" \"${SRCROOT}/build/Release-iphoneos/${FRAMEWORK_NAME}.framework/${FRAMEWORK_NAME}\" \"${SRCROOT}/build/Release-iphonesimulator/${FRAMEWORK_NAME}.framework/${FRAMEWORK_NAME}\"\n\nif [ -d \"${SRCROOT}/build\" ]; then\n\nrm -rf \"${SRCROOT}/build\"\n\nfi";
		};
/* End PBXShellScriptBuildPhase section */

/* Begin PBXSourcesBuildPhase section */
		B11DD9E81C6BE46100BDE182 /* Sources */ = {
			isa = PBXSourcesBuildPhase;
			buildActionMask = 2147483647;
			files = (
				B11DDA1F1C6BF06400BDE182 /* GAWrapper.m in Sources */,
			);
			runOnlyForDeploymentPostprocessing = 0;
		};
/* End PBXSourcesBuildPhase section */

/* Begin XCBuildConfiguration section */
		B11DD9F31C6BE46100BDE182 /* Debug */ = {
			isa = XCBuildConfiguration;
			buildSettings = {
				ALWAYS_SEARCH_USER_PATHS = NO;
				CLANG_CXX_LANGUAGE_STANDARD = "gnu++0x";
				CLANG_CXX_LIBRARY = "libc++";
				CLANG_ENABLE_MODULES = YES;
				CLANG_ENABLE_OBJC_ARC = YES;
				CLANG_WARN_BOOL_CONVERSION = YES;
				CLANG_WARN_CONSTANT_CONVERSION = YES;
				CLANG_WARN_DIRECT_OBJC_ISA_USAGE = YES_ERROR;
				CLANG_WARN_EMPTY_BODY = YES;
				CLANG_WARN_ENUM_CONVERSION = YES;
				CLANG_WARN_INT_CONVERSION = YES;
				CLANG_WARN_OBJC_ROOT_CLASS = YES_ERROR;
				CLANG_WARN_UNREACHABLE_CODE = YES;
				CLANG_WARN__DUPLICATE_METHOD_MATCH = YES;
				"CODE_SIGN_IDENTITY[sdk=iphoneos*]" = "iPhone Developer";
				COPY_PHASE_STRIP = NO;
				CURRENT_PROJECT_VERSION = 1;
				DEBUG_INFORMATION_FORMAT = dwarf;
				ENABLE_STRICT_OBJC_MSGSEND = YES;
				ENABLE_TESTABILITY = YES;
				GCC_C_LANGUAGE_STANDARD = gnu99;
				GCC_DYNAMIC_NO_PIC = NO;
				GCC_NO_COMMON_BLOCKS = YES;
				GCC_OPTIMIZATION_LEVEL = 0;
				GCC_PREPROCESSOR_DEFINITIONS = (
					"DEBUG=1",
					"$(inherited)",
				);
				GCC_WARN_64_TO_32_BIT_CONVERSION = YES;
				GCC_WARN_ABOUT_RETURN_TYPE = YES_ERROR;
				GCC_WARN_UNDECLARED_SELECTOR = YES;
				GCC_WARN_UNINITIALIZED_AUTOS = YES_AGGRESSIVE;
				GCC_WARN_UNUSED_FUNCTION = YES;
				GCC_WARN_UNUSED_VARIABLE = YES;
				IPHONEOS_DEPLOYMENT_TARGET = 8.0;
				MTL_ENABLE_DEBUG_INFO = YES;
				ONLY_ACTIVE_ARCH = YES;
				SDKROOT = iphoneos;
				TARGETED_DEVICE_FAMILY = "1,2";
				VERSIONING_SYSTEM = "apple-generic";
				VERSION_INFO_PREFIX = "";
			};
			name = Debug;
		};
		B11DD9F41C6BE46100BDE182 /* Release */ = {
			isa = XCBuildConfiguration;
			buildSettings = {
				ALWAYS_SEARCH_USER_PATHS = NO;
				CLANG_CXX_LANGUAGE_STANDARD = "gnu++0x";
				CLANG_CXX_LIBRARY = "libc++";
				CLANG_ENABLE_MODULES = YES;
				CLANG_ENABLE_OBJC_ARC = YES;
				CLANG_WARN_BOOL_CONVERSION = YES;
				CLANG_WARN_CONSTANT_CONVERSION = YES;
				CLANG_WARN_DIRECT_OBJC_ISA_USAGE = YES_ERROR;
				CLANG_WARN_EMPTY_BODY = YES;
				CLANG_WARN_ENUM_CONVERSION = YES;
				CLANG_WARN_INT_CONVERSION = YES;
				CLANG_WARN_OBJC_ROOT_CLASS = YES_ERROR;
				CLANG_WARN_UNREACHABLE_CODE = YES;
				CLANG_WARN__DUPLICATE_METHOD_MATCH = YES;
				"CODE_SIGN_IDENTITY[sdk=iphoneos*]" = "iPhone Developer";
				COPY_PHASE_STRIP = NO;
				CURRENT_PROJECT_VERSION = 1;
				DEBUG_INFORMATION_FORMAT = "dwarf-with-dsym";
				ENABLE_NS_ASSERTIONS = NO;
				ENABLE_STRICT_OBJC_MSGSEND = YES;
				GCC_C_LANGUAGE_STANDARD = gnu99;
				GCC_NO_COMMON_BLOCKS = YES;
				GCC_WARN_64_TO_32_BIT_CONVERSION = YES;
				GCC_WARN_ABOUT_RETURN_TYPE = YES_ERROR;
				GCC_WARN_UNDECLARED_SELECTOR = YES;
				GCC_WARN_UNINITIALIZED_AUTOS = YES_AGGRESSIVE;
				GCC_WARN_UNUSED_FUNCTION = YES;
				GCC_WARN_UNUSED_VARIABLE = YES;
				IPHONEOS_DEPLOYMENT_TARGET = 8.0;
				MTL_ENABLE_DEBUG_INFO = NO;
				SDKROOT = iphoneos;
				TARGETED_DEVICE_FAMILY = "1,2";
				VALIDATE_PRODUCT = YES;
				VERSIONING_SYSTEM = "apple-generic";
				VERSION_INFO_PREFIX = "";
			};
			name = Release;
		};
		B11DD9F61C6BE46100BDE182 /* Debug */ = {
			isa = XCBuildConfiguration;
			buildSettings = {
				DEFINES_MODULE = YES;
				DYLIB_COMPATIBILITY_VERSION = 1;
				DYLIB_CURRENT_VERSION = 1;
				DYLIB_INSTALL_NAME_BASE = "@rpath";
				INFOPLIST_FILE = GAWrapper/Info.plist;
				INSTALL_PATH = "$(LOCAL_LIBRARY_DIR)/Frameworks";
				IPHONEOS_DEPLOYMENT_TARGET = 8.0;
				LD_RUNPATH_SEARCH_PATHS = "$(inherited) @executable_path/Frameworks @loader_path/Frameworks";
				LIBRARY_SEARCH_PATHS = (
					"$(inherited)",
					"$(PROJECT_DIR)/GAWrapper/Libraries",
				);
				OTHER_LDFLAGS = (
					"-ObjC",
					"-all_load",
				);
				PRODUCT_BUNDLE_IDENTIFIER = com.filtercode.GAWrapper;
				PRODUCT_NAME = "$(TARGET_NAME)";
				SKIP_INSTALL = YES;
			};
			name = Debug;
		};
		B11DD9F71C6BE46100BDE182 /* Release */ = {
			isa = XCBuildConfiguration;
			buildSettings = {
				DEFINES_MODULE = YES;
				DYLIB_COMPATIBILITY_VERSION = 1;
				DYLIB_CURRENT_VERSION = 1;
				DYLIB_INSTALL_NAME_BASE = "@rpath";
				INFOPLIST_FILE = GAWrapper/Info.plist;
				INSTALL_PATH = "$(LOCAL_LIBRARY_DIR)/Frameworks";
				IPHONEOS_DEPLOYMENT_TARGET = 8.0;
				LD_RUNPATH_SEARCH_PATHS = "$(inherited) @executable_path/Frameworks @loader_path/Frameworks";
				LIBRARY_SEARCH_PATHS = (
					"$(inherited)",
					"$(PROJECT_DIR)/GAWrapper/Libraries",
				);
				OTHER_LDFLAGS = (
					"-ObjC",
					"-all_load",
				);
				PRODUCT_BUNDLE_IDENTIFIER = com.filtercode.GAWrapper;
				PRODUCT_NAME = "$(TARGET_NAME)";
				SKIP_INSTALL = YES;
			};
			name = Release;
		};
		B11DDA221C72925C00BDE182 /* Debug */ = {
			isa = XCBuildConfiguration;
			buildSettings = {
				PRODUCT_NAME = "$(TARGET_NAME)";
			};
			name = Debug;
		};
		B11DDA231C72925C00BDE182 /* Release */ = {
			isa = XCBuildConfiguration;
			buildSettings = {
				PRODUCT_NAME = "$(TARGET_NAME)";
			};
			name = Release;
		};
/* End XCBuildConfiguration section */

/* Begin XCConfigurationList section */
		B11DD9E71C6BE46100BDE182 /* Build configuration list for PBXProject "GAWrapper" */ = {
			isa = XCConfigurationList;
			buildConfigurations = (
				B11DD9F31C6BE46100BDE182 /* Debug */,
				B11DD9F41C6BE46100BDE182 /* Release */,
			);
			defaultConfigurationIsVisible = 0;
			defaultConfigurationName = Release;
		};
		B11DD9F51C6BE46100BDE182 /* Build configuration list for PBXNativeTarget "GAWrapper" */ = {
			isa = XCConfigurationList;
			buildConfigurations = (
				B11DD9F61C6BE46100BDE182 /* Debug */,
				B11DD9F71C6BE46100BDE182 /* Release */,
			);
			defaultConfigurationIsVisible = 0;
		};
		B11DDA211C72925C00BDE182 /* Build configuration list for PBXAggregateTarget "Build framework" */ = {
			isa = XCConfigurationList;
			buildConfigurations = (
				B11DDA221C72925C00BDE182 /* Debug */,
				B11DDA231C72925C00BDE182 /* Release */,
			);
			defaultConfigurationIsVisible = 0;
		};
/* End XCConfigurationList section */
	};
	rootObject = B11DD9E41C6BE46100BDE182 /* Project object */;
}
